// !$*UTF8*$!
{
	archiveVersion = 1;
	classes = {
	};
	objectVersion = 50;
	objects = {

/* Begin PBXFileReference section */
		F095CC6823AA189300C313C4 /* ViewController.swift */ = {isa = PBXFileReference; lastKnownFileType = sourcecode.swift; path = ViewController.swift; sourceTree = "<group>"; };
		F0C71C7F23A90EFE00136AE3 /* LiveChat.swift */ = {isa = PBXFileReference; lastKnownFileType = sourcecode.swift; path = LiveChat.swift; sourceTree = "<group>"; };
		F0C71C8023A90EFE00136AE3 /* KeyboardNotification.swift */ = {isa = PBXFileReference; lastKnownFileType = sourcecode.swift; path = KeyboardNotification.swift; sourceTree = "<group>"; };
		F0C71C8123A90EFE00136AE3 /* LiveChat.h */ = {isa = PBXFileReference; lastKnownFileType = sourcecode.c.h; path = LiveChat.h; sourceTree = "<group>"; };
		F0C71C8223A90EFE00136AE3 /* UnreadMessagesCounter.swift */ = {isa = PBXFileReference; lastKnownFileType = sourcecode.swift; path = UnreadMessagesCounter.swift; sourceTree = "<group>"; };
		F0C71C8323A90EFE00136AE3 /* LoadingView.swift */ = {isa = PBXFileReference; lastKnownFileType = sourcecode.swift; path = LoadingView.swift; sourceTree = "<group>"; };
		F0C71C8423A90EFE00136AE3 /* LiveChatConfiguration.swift */ = {isa = PBXFileReference; lastKnownFileType = sourcecode.swift; path = LiveChatConfiguration.swift; sourceTree = "<group>"; };
		F0C71C8523A90EFE00136AE3 /* ChatView.swift */ = {isa = PBXFileReference; lastKnownFileType = sourcecode.swift; path = ChatView.swift; sourceTree = "<group>"; };
		F0C71C8623A90EFE00136AE3 /* URLBuilder.swift */ = {isa = PBXFileReference; lastKnownFileType = sourcecode.swift; path = URLBuilder.swift; sourceTree = "<group>"; };
		F0C71C8723A90EFE00136AE3 /* LiveChatWidget.js */ = {isa = PBXFileReference; lastKnownFileType = sourcecode.javascript; path = LiveChatWidget.js; sourceTree = "<group>"; };
		F0C71C8823A90EFE00136AE3 /* WebViewBridge.swift */ = {isa = PBXFileReference; lastKnownFileType = sourcecode.swift; path = WebViewBridge.swift; sourceTree = "<group>"; };
		F0C71C8923A90EFE00136AE3 /* JSONRequestCache.swift */ = {isa = PBXFileReference; lastKnownFileType = sourcecode.swift; path = JSONRequestCache.swift; sourceTree = "<group>"; };
		F0C71C8A23A90EFE00136AE3 /* LiveChatOverlayViewController.swift */ = {isa = PBXFileReference; lastKnownFileType = sourcecode.swift; path = LiveChatOverlayViewController.swift; sourceTree = "<group>"; };
		F0C71C8B23A90EFF00136AE3 /* LiveChatMessage.swift */ = {isa = PBXFileReference; lastKnownFileType = sourcecode.swift; path = LiveChatMessage.swift; sourceTree = "<group>"; };
		F0C71C8C23A90EFF00136AE3 /* LiveChatState.swift */ = {isa = PBXFileReference; lastKnownFileType = sourcecode.swift; path = LiveChatState.swift; sourceTree = "<group>"; };
/* End PBXFileReference section */

/* Begin PBXGroup section */
		F095CC6723A9122C00C313C4 /* LiveChat */ = {
			isa = PBXGroup;
			children = (
				F0C71C8523A90EFE00136AE3 /* ChatView.swift */,
				F0C71C8923A90EFE00136AE3 /* JSONRequestCache.swift */,
				F0C71C8023A90EFE00136AE3 /* KeyboardNotification.swift */,
				F0C71C8123A90EFE00136AE3 /* LiveChat.h */,
				F0C71C7F23A90EFE00136AE3 /* LiveChat.swift */,
				F0C71C8423A90EFE00136AE3 /* LiveChatConfiguration.swift */,
				F0C71C8B23A90EFF00136AE3 /* LiveChatMessage.swift */,
				F0C71C8A23A90EFE00136AE3 /* LiveChatOverlayViewController.swift */,
				F0C71C8C23A90EFF00136AE3 /* LiveChatState.swift */,
				F0C71C8723A90EFE00136AE3 /* LiveChatWidget.js */,
				F0C71C8323A90EFE00136AE3 /* LoadingView.swift */,
				F0C71C8223A90EFE00136AE3 /* UnreadMessagesCounter.swift */,
				F0C71C8623A90EFE00136AE3 /* URLBuilder.swift */,
				F0C71C8823A90EFE00136AE3 /* WebViewBridge.swift */,
			);
			path = LiveChat;
			sourceTree = "<group>";
		};
		F0C71C7823A90EEA00136AE3 = {
			isa = PBXGroup;
			children = (
				F095CC6823AA189300C313C4 /* ViewController.swift */,
				F095CC6723A9122C00C313C4 /* LiveChat */,
			);
			sourceTree = "<group>";
		};
/* End PBXGroup section */

/* Begin PBXProject section */
		F0C71C7923A90EEA00136AE3 /* Project object */ = {
			isa = PBXProject;
			attributes = {
				LastUpgradeCheck = 1130;
			};
			buildConfigurationList = F0C71C7C23A90EEA00136AE3 /* Build configuration list for PBXProject "LiveChatCordovaPlugin" */;
			compatibilityVersion = "Xcode 9.3";
			developmentRegion = en;
			hasScannedForEncodings = 0;
			knownRegions = (
				en,
				Base,
			);
			mainGroup = F0C71C7823A90EEA00136AE3;
			projectDirPath = "";
			projectRoot = "";
			targets = (
			);
		};
/* End PBXProject section */

/* Begin XCBuildConfiguration section */
		F0C71C7D23A90EEA00136AE3 /* Debug */ = {
			isa = XCBuildConfiguration;
			buildSettings = {
			};
			name = Debug;
		};
		F0C71C7E23A90EEA00136AE3 /* Release */ = {
			isa = XCBuildConfiguration;
			buildSettings = {
			};
			name = Release;
		};
/* End XCBuildConfiguration section */

/* Begin XCConfigurationList section */
		F0C71C7C23A90EEA00136AE3 /* Build configuration list for PBXProject "LiveChatCordovaPlugin" */ = {
			isa = XCConfigurationList;
			buildConfigurations = (
				F0C71C7D23A90EEA00136AE3 /* Debug */,
				F0C71C7E23A90EEA00136AE3 /* Release */,
			);
			defaultConfigurationIsVisible = 0;
			defaultConfigurationName = Release;
		};
/* End XCConfigurationList section */
	};
	rootObject = F0C71C7923A90EEA00136AE3 /* Project object */;
}
